
Microsoft Visual Studio Solution File, Format Version 12.00
# Visual Studio 15
VisualStudioVersion = 15.0.28307.539
MinimumVisualStudioVersion = 10.0.40219.1
Project("{FAE04EC0-301F-11D3-BF4B-00C04F79EFBC}") = "System Info", "SystemInfo\SystemInfo.csproj", "{D838428F-7AF5-48C9-8676-83A374123C53}"
EndProject
Global
	GlobalSection(SolutionConfigurationPlatforms) = preSolution
		Debug|Any CPU = Debug|Any CPU
		Release|Any CPU = Release|Any CPU
	EndGlobalSection
	GlobalSection(ProjectConfigurationPlatforms) = postSolution
		{D838428F-7AF5-48C9-8676-83A374123C53}.Debug|Any CPU.ActiveCfg = Debug|Any CPU
		{D838428F-7AF5-48C9-8676-83A374123C53}.Debug|Any CPU.Build.0 = Debug|Any CPU
		{D838428F-7AF5-48C9-8676-83A374123C53}.Release|Any CPU.ActiveCfg = Release|Any CPU
		{D838428F-7AF5-48C9-8676-83A374123C53}.Release|Any CPU.Build.0 = Release|Any CPU
	EndGlobalSection
	GlobalSection(SolutionProperties) = preSolution
		HideSolutionNode = FALSE
	EndGlobalSection
	GlobalSection(ExtensibilityGlobals) = postSolution
		SolutionGuid = {F485786D-E7C6-46DF-80E5-A6700BB13600}
	EndGlobalSection
EndGlobal
